
Microsoft Visual Studio Solution File, Format Version 12.00
Project("{FAE04EC0-301F-11D3-BF4B-00C04F79EFBC}") = "PhotoBot", "PhotoBot\PhotoBot.csproj", "{4E22C371-6B0F-4167-BD97-4E272C9298A5}"
EndProject
Global
	GlobalSection(SolutionConfigurationPlatforms) = preSolution
		Debug|Any CPU = Debug|Any CPU
		Release|Any CPU = Release|Any CPU
	EndGlobalSection
	GlobalSection(ProjectConfigurationPlatforms) = postSolution
		{4E22C371-6B0F-4167-BD97-4E272C9298A5}.Debug|Any CPU.ActiveCfg = Debug|Any CPU
		{4E22C371-6B0F-4167-BD97-4E272C9298A5}.Debug|Any CPU.Build.0 = Debug|Any CPU
		{4E22C371-6B0F-4167-BD97-4E272C9298A5}.Release|Any CPU.ActiveCfg = Release|Any CPU
		{4E22C371-6B0F-4167-BD97-4E272C9298A5}.Release|Any CPU.Build.0 = Release|Any CPU
	EndGlobalSection
EndGlobal
